hash: d24c4cd5c28cd2c9f0eae49866133c8a389d6b3e2206e3e1d68652b3190016a3
updated: 2017-02-13T21:51:13.37855662+01:00
imports:
- name: github.com/azer/url-router
  version: 1a0aa252538c21ad85fb4041c0df3d648ab813a1
- name: github.com/elazarl/go-bindata-assetfs
  version: 9a6736ed45b44bf3835afeebb3034b57ed329f3e
- name: github.com/ghodss/yaml
  version: 04f313413ffd65ce25f2541bfd2b2ceec5c0908c
- name: github.com/icrowley/fake
  version: 84bff6d01560fb0b5a396ba29534e93fd00d09c6
- name: github.com/radovskyb/watcher
  version: 828a655184ef96820e071c58bdecb5221d0ae1c3
- name: github.com/ryanuber/go-glob
  version: 572520ed46dbddaed19ea3d9541bdd0494163693
- name: github.com/twinj/uuid
  version: 89173bcdda19db0eb88aef1e1cb1cb2505561d31
- name: golang.org/x/crypto
  version: 453249f01cfeb54c3d549ddb75ff152ca243f9d8
- name: golang.org/x/net
  version: 61557ac0112b576429a0df080e1c2cef5dfbb642
  subpackages:
  - websocket
- name: golang.org/x/text
  version: 06d6eba81293389cafdff7fca90d75592194b2d9
- name: golang.org/x/tools
  version: 8524ce5143c569852232960af38dc05cad8c6189
  repo: https://golang.org/x/tools
- name: gopkg.in/alexcesaro/statsd.v2
  version: 7fea3f0d2fab1ad973e641e51dba45443a311a90
- name: gopkg.in/yaml.v2
  version: a3f3340b5840cee44f372bddb5880fcbc419b46a
devImports: []
